
Microsoft Visual Studio Solution File, Format Version 12.00
# Visual Studio 14
VisualStudioVersion = 14.0.25420.1
MinimumVisualStudioVersion = 10.0.40219.1
Project("{2150E333-8FDC-42A3-9474-1A3956D46DE8}") = "OpenGLES30-1", "OpenGLES30-1", "{547521B0-01D1-4267-88F6-A9E5735B61AD}"
EndProject
Project("{39E2626F-3545-4960-A6E8-258AD8476CE5}") = "OpenGLES30-1.Packaging", "OpenGLES30-1\OpenGLES30-1.Packaging\OpenGLES30-1.Packaging.androidproj", "{01C09E77-BED4-4E85-BE6D-778BA9404F4B}"
EndProject
Project("{8BC9CEB8-8B4A-11D0-8D11-00A0C91BC942}") = "OpenGLES30-1.NativeActivity", "OpenGLES30-1\OpenGLES30-1.NativeActivity\OpenGLES30-1.NativeActivity.vcxproj", "{EA954970-C7F1-43A5-AB6D-A7C2B8C3A8F4}"
EndProject
Global
	GlobalSection(SolutionConfigurationPlatforms) = preSolution
		Debug|ARM = Debug|ARM
		Debug|ARM64 = Debug|ARM64
		Debug|x64 = Debug|x64
		Debug|x86 = Debug|x86
		Release|ARM = Release|ARM
		Release|ARM64 = Release|ARM64
		Release|x64 = Release|x64
		Release|x86 = Release|x86
	EndGlobalSection
	GlobalSection(ProjectConfigurationPlatforms) = postSolution
		{01C09E77-BED4-4E85-BE6D-778BA9404F4B}.Debug|ARM.ActiveCfg = Debug|ARM
		{01C09E77-BED4-4E85-BE6D-778BA9404F4B}.Debug|ARM.Build.0 = Debug|ARM
		{01C09E77-BED4-4E85-BE6D-778BA9404F4B}.Debug|ARM.Deploy.0 = Debug|ARM
		{01C09E77-BED4-4E85-BE6D-778BA9404F4B}.Debug|ARM64.ActiveCfg = Debug|ARM64
		{01C09E77-BED4-4E85-BE6D-778BA9404F4B}.Debug|ARM64.Build.0 = Debug|ARM64
		{01C09E77-BED4-4E85-BE6D-778BA9404F4B}.Debug|ARM64.Deploy.0 = Debug|ARM64
		{01C09E77-BED4-4E85-BE6D-778BA9404F4B}.Debug|x64.ActiveCfg = Debug|x64
		{01C09E77-BED4-4E85-BE6D-778BA9404F4B}.Debug|x64.Build.0 = Debug|x64
		{01C09E77-BED4-4E85-BE6D-778BA9404F4B}.Debug|x64.Deploy.0 = Debug|x64
		{01C09E77-BED4-4E85-BE6D-778BA9404F4B}.Debug|x86.ActiveCfg = Debug|x86
		{01C09E77-BED4-4E85-BE6D-778BA9404F4B}.Debug|x86.Build.0 = Debug|x86
		{01C09E77-BED4-4E85-BE6D-778BA9404F4B}.Debug|x86.Deploy.0 = Debug|x86
		{01C09E77-BED4-4E85-BE6D-778BA9404F4B}.Release|ARM.ActiveCfg = Release|ARM
		{01C09E77-BED4-4E85-BE6D-778BA9404F4B}.Release|ARM.Build.0 = Release|ARM
		{01C09E77-BED4-4E85-BE6D-778BA9404F4B}.Release|ARM.Deploy.0 = Release|ARM
		{01C09E77-BED4-4E85-BE6D-778BA9404F4B}.Release|ARM64.ActiveCfg = Release|ARM64
		{01C09E77-BED4-4E85-BE6D-778BA9404F4B}.Release|ARM64.Build.0 = Release|ARM64
		{01C09E77-BED4-4E85-BE6D-778BA9404F4B}.Release|ARM64.Deploy.0 = Release|ARM64
		{01C09E77-BED4-4E85-BE6D-778BA9404F4B}.Release|x64.ActiveCfg = Release|x64
		{01C09E77-BED4-4E85-BE6D-778BA9404F4B}.Release|x64.Build.0 = Release|x64
		{01C09E77-BED4-4E85-BE6D-778BA9404F4B}.Release|x64.Deploy.0 = Release|x64
		{01C09E77-BED4-4E85-BE6D-778BA9404F4B}.Release|x86.ActiveCfg = Release|x86
		{01C09E77-BED4-4E85-BE6D-778BA9404F4B}.Release|x86.Build.0 = Release|x86
		{01C09E77-BED4-4E85-BE6D-778BA9404F4B}.Release|x86.Deploy.0 = Release|x86
		{EA954970-C7F1-43A5-AB6D-A7C2B8C3A8F4}.Debug|ARM.ActiveCfg = Debug|ARM
		{EA954970-C7F1-43A5-AB6D-A7C2B8C3A8F4}.Debug|ARM.Build.0 = Debug|ARM
		{EA954970-C7F1-43A5-AB6D-A7C2B8C3A8F4}.Debug|ARM64.ActiveCfg = Debug|ARM64
		{EA954970-C7F1-43A5-AB6D-A7C2B8C3A8F4}.Debug|ARM64.Build.0 = Debug|ARM64
		{EA954970-C7F1-43A5-AB6D-A7C2B8C3A8F4}.Debug|x64.ActiveCfg = Debug|x64
		{EA954970-C7F1-43A5-AB6D-A7C2B8C3A8F4}.Debug|x64.Build.0 = Debug|x64
		{EA954970-C7F1-43A5-AB6D-A7C2B8C3A8F4}.Debug|x86.ActiveCfg = Debug|x86
		{EA954970-C7F1-43A5-AB6D-A7C2B8C3A8F4}.Debug|x86.Build.0 = Debug|x86
		{EA954970-C7F1-43A5-AB6D-A7C2B8C3A8F4}.Release|ARM.ActiveCfg = Release|ARM
		{EA954970-C7F1-43A5-AB6D-A7C2B8C3A8F4}.Release|ARM.Build.0 = Release|ARM
		{EA954970-C7F1-43A5-AB6D-A7C2B8C3A8F4}.Release|ARM64.ActiveCfg = Release|ARM64
		{EA954970-C7F1-43A5-AB6D-A7C2B8C3A8F4}.Release|ARM64.Build.0 = Release|ARM64
		{EA954970-C7F1-43A5-AB6D-A7C2B8C3A8F4}.Release|x64.ActiveCfg = Release|x64
		{EA954970-C7F1-43A5-AB6D-A7C2B8C3A8F4}.Release|x64.Build.0 = Release|x64
		{EA954970-C7F1-43A5-AB6D-A7C2B8C3A8F4}.Release|x86.ActiveCfg = Release|x86
		{EA954970-C7F1-43A5-AB6D-A7C2B8C3A8F4}.Release|x86.Build.0 = Release|x86
	EndGlobalSection
	GlobalSection(SolutionProperties) = preSolution
		HideSolutionNode = FALSE
	EndGlobalSection
	GlobalSection(NestedProjects) = preSolution
		{01C09E77-BED4-4E85-BE6D-778BA9404F4B} = {547521B0-01D1-4267-88F6-A9E5735B61AD}
		{EA954970-C7F1-43A5-AB6D-A7C2B8C3A8F4} = {547521B0-01D1-4267-88F6-A9E5735B61AD}
	EndGlobalSection
EndGlobal
